// !$*UTF8*$!
{
	archiveVersion = 1;
	classes = {
	};
	objectVersion = 46;
	objects = {

/* Begin PBXBuildFile section */
		45D900B519C7521F00BC2DC5 /* AlbertEinsteinStamp.jpg in Resources */ = {isa = PBXBuildFile; fileRef = 45D900B419C7521F00BC2DC5 /* AlbertEinsteinStamp.jpg */; };
		45E7778C19C2A732004E307D /* AppDelegate.swift in Sources */ = {isa = PBXBuildFile; fileRef = 45E7778B19C2A732004E307D /* AppDelegate.swift */; };
		45E7778E19C2A732004E307D /* ViewController.swift in Sources */ = {isa = PBXBuildFile; fileRef = 45E7778D19C2A732004E307D /* ViewController.swift */; };
		45E7779119C2A733004E307D /* Main.storyboard in Resources */ = {isa = PBXBuildFile; fileRef = 45E7778F19C2A733004E307D /* Main.storyboard */; };
		45E7779319C2A733004E307D /* Images.xcassets in Resources */ = {isa = PBXBuildFile; fileRef = 45E7779219C2A733004E307D /* Images.xcassets */; };
		45E7779619C2A733004E307D /* LaunchScreen.xib in Resources */ = {isa = PBXBuildFile; fileRef = 45E7779419C2A733004E307D /* LaunchScreen.xib */; };
		45E777A219C2A733004E307D /* PostcardTests.swift in Sources */ = {isa = PBXBuildFile; fileRef = 45E777A119C2A733004E307D /* PostcardTests.swift */; };
		45FB2E7219C39EAB0076AF90 /* SagradaFamilia.jpeg in Resources */ = {isa = PBXBuildFile; fileRef = 45FB2E7119C39EAB0076AF90 /* SagradaFamilia.jpeg */; };
/* End PBXBuildFile section */

/* Begin PBXContainerItemProxy section */
		45E7779C19C2A733004E307D /* PBXContainerItemProxy */ = {
			isa = PBXContainerItemProxy;
			containerPortal = 45E7777E19C2A732004E307D /* Project object */;
			proxyType = 1;
			remoteGlobalIDString = 45E7778519C2A732004E307D;
			remoteInfo = Postcard;
		};
/* End PBXContainerItemProxy section */

/* Begin PBXFileReference section */
		45D900B419C7521F00BC2DC5 /* AlbertEinsteinStamp.jpg */ = {isa = PBXFileReference; lastKnownFileType = image.jpeg; path = AlbertEinsteinStamp.jpg; sourceTree = "<group>"; };
		45E7778619C2A732004E307D /* Postcard.app */ = {isa = PBXFileReference; explicitFileType = wrapper.application; includeInIndex = 0; path = Postcard.app; sourceTree = BUILT_PRODUCTS_DIR; };
		45E7778A19C2A732004E307D /* Info.plist */ = {isa = PBXFileReference; lastKnownFileType = text.plist.xml; path = Info.plist; sourceTree = "<group>"; };
		45E7778B19C2A732004E307D /* AppDelegate.swift */ = {isa = PBXFileReference; lastKnownFileType = sourcecode.swift; path = AppDelegate.swift; sourceTree = "<group>"; };
		45E7778D19C2A732004E307D /* ViewController.swift */ = {isa = PBXFileReference; lastKnownFileType = sourcecode.swift; path = ViewController.swift; sourceTree = "<group>"; };
		45E7779019C2A733004E307D /* Base */ = {isa = PBXFileReference; lastKnownFileType = file.storyboard; name = Base; path = Base.lproj/Main.storyboard; sourceTree = "<group>"; };
		45E7779219C2A733004E307D /* Images.xcassets */ = {isa = PBXFileReference; lastKnownFileType = folder.assetcatalog; path = Images.xcassets; sourceTree = "<group>"; };
		45E7779519C2A733004E307D /* Base */ = {isa = PBXFileReference; lastKnownFileType = file.xib; name = Base; path = Base.lproj/LaunchScreen.xib; sourceTree = "<group>"; };
		45E7779B19C2A733004E307D /* PostcardTests.xctest */ = {isa = PBXFileReference; explicitFileType = wrapper.cfbundle; includeInIndex = 0; path = PostcardTests.xctest; sourceTree = BUILT_PRODUCTS_DIR; };
		45E777A019C2A733004E307D /* Info.plist */ = {isa = PBXFileReference; lastKnownFileType = text.plist.xml; path = Info.plist; sourceTree = "<group>"; };
		45E777A119C2A733004E307D /* PostcardTests.swift */ = {isa = PBXFileReference; lastKnownFileType = sourcecode.swift; path = PostcardTests.swift; sourceTree = "<group>"; };
		45FB2E7119C39EAB0076AF90 /* SagradaFamilia.jpeg */ = {isa = PBXFileReference; lastKnownFileType = image.jpeg; path = SagradaFamilia.jpeg; sourceTree = "<group>"; };
/* End PBXFileReference section */

/* Begin PBXFrameworksBuildPhase section */
		45E7778319C2A732004E307D /* Frameworks */ = {
			isa = PBXFrameworksBuildPhase;
			buildActionMask = 2147483647;
			files = (
			);
			runOnlyForDeploymentPostprocessing = 0;
		};
		45E7779819C2A733004E307D /* Frameworks */ = {
			isa = PBXFrameworksBuildPhase;
			buildActionMask = 2147483647;
			files = (
			);
			runOnlyForDeploymentPostprocessing = 0;
		};
/* End PBXFrameworksBuildPhase section */

/* Begin PBXGroup section */
		45E7777D19C2A732004E307D = {
			isa = PBXGroup;
			children = (
				45E7778819C2A732004E307D /* Postcard */,
				45E7779E19C2A733004E307D /* PostcardTests */,
				45E7778719C2A732004E307D /* Products */,
			);
			sourceTree = "<group>";
		};
		45E7778719C2A732004E307D /* Products */ = {
			isa = PBXGroup;
			children = (
				45E7778619C2A732004E307D /* Postcard.app */,
				45E7779B19C2A733004E307D /* PostcardTests.xctest */,
			);
			name = Products;
			sourceTree = "<group>";
		};
		45E7778819C2A732004E307D /* Postcard */ = {
			isa = PBXGroup;
			children = (
				45E7778B19C2A732004E307D /* AppDelegate.swift */,
				45E7778D19C2A732004E307D /* ViewController.swift */,
				45E7778F19C2A733004E307D /* Main.storyboard */,
				45E7779219C2A733004E307D /* Images.xcassets */,
				45E7779419C2A733004E307D /* LaunchScreen.xib */,
				45E7778919C2A732004E307D /* Supporting Files */,
			);
			path = Postcard;
			sourceTree = "<group>";
		};
		45E7778919C2A732004E307D /* Supporting Files */ = {
			isa = PBXGroup;
			children = (
				45D900B419C7521F00BC2DC5 /* AlbertEinsteinStamp.jpg */,
				45FB2E7119C39EAB0076AF90 /* SagradaFamilia.jpeg */,
				45E7778A19C2A732004E307D /* Info.plist */,
			);
			name = "Supporting Files";
			sourceTree = "<group>";
		};
		45E7779E19C2A733004E307D /* PostcardTests */ = {
			isa = PBXGroup;
			children = (
				45E777A119C2A733004E307D /* PostcardTests.swift */,
				45E7779F19C2A733004E307D /* Supporting Files */,
			);
			path = PostcardTests;
			sourceTree = "<group>";
		};
		45E7779F19C2A733004E307D /* Supporting Files */ = {
			isa = PBXGroup;
			children = (
				45E777A019C2A733004E307D /* Info.plist */,
			);
			name = "Supporting Files";
			sourceTree = "<group>";
		};
/* End PBXGroup section */

/* Begin PBXNativeTarget section */
		45E7778519C2A732004E307D /* Postcard */ = {
			isa = PBXNativeTarget;
			buildConfigurationList = 45E777A519C2A733004E307D /* Build configuration list for PBXNativeTarget "Postcard" */;
			buildPhases = (
				45E7778219C2A732004E307D /* Sources */,
				45E7778319C2A732004E307D /* Frameworks */,
				45E7778419C2A732004E307D /* Resources */,
			);
			buildRules = (
			);
			dependencies = (
			);
			name = Postcard;
			productName = Postcard;
			productReference = 45E7778619C2A732004E307D /* Postcard.app */;
			productType = "com.apple.product-type.application";
		};
		45E7779A19C2A733004E307D /* PostcardTests */ = {
			isa = PBXNativeTarget;
			buildConfigurationList = 45E777A819C2A733004E307D /* Build configuration list for PBXNativeTarget "PostcardTests" */;
			buildPhases = (
				45E7779719C2A733004E307D /* Sources */,
				45E7779819C2A733004E307D /* Frameworks */,
				45E7779919C2A733004E307D /* Resources */,
			);
			buildRules = (
			);
			dependencies = (
				45E7779D19C2A733004E307D /* PBXTargetDependency */,
			);
			name = PostcardTests;
			productName = PostcardTests;
			productReference = 45E7779B19C2A733004E307D /* PostcardTests.xctest */;
			productType = "com.apple.product-type.bundle.unit-test";
		};
/* End PBXNativeTarget section */

/* Begin PBXProject section */
		45E7777E19C2A732004E307D /* Project object */ = {
			isa = PBXProject;
			attributes = {
				LastUpgradeCheck = 0600;
				ORGANIZATIONNAME = "Brendan Rempel";
				TargetAttributes = {
					45E7778519C2A732004E307D = {
						CreatedOnToolsVersion = 6.0;
					};
					45E7779A19C2A733004E307D = {
						CreatedOnToolsVersion = 6.0;
						TestTargetID = 45E7778519C2A732004E307D;
					};
				};
			};
			buildConfigurationList = 45E7778119C2A732004E307D /* Build configuration list for PBXProject "Postcard" */;
			compatibilityVersion = "Xcode 3.2";
			developmentRegion = English;
			hasScannedForEncodings = 0;
			knownRegions = (
				en,
				Base,
			);
			mainGroup = 45E7777D19C2A732004E307D;
			productRefGroup = 45E7778719C2A732004E307D /* Products */;
			projectDirPath = "";
			projectRoot = "";
			targets = (
				45E7778519C2A732004E307D /* Postcard */,
				45E7779A19C2A733004E307D /* PostcardTests */,
			);
		};
/* End PBXProject section */

/* Begin PBXResourcesBuildPhase section */
		45E7778419C2A732004E307D /* Resources */ = {
			isa = PBXResourcesBuildPhase;
			buildActionMask = 2147483647;
			files = (
				45E7779119C2A733004E307D /* Main.storyboard in Resources */,
				45FB2E7219C39EAB0076AF90 /* SagradaFamilia.jpeg in Resources */,
				45D900B519C7521F00BC2DC5 /* AlbertEinsteinStamp.jpg in Resources */,
				45E7779619C2A733004E307D /* LaunchScreen.xib in Resources */,
				45E7779319C2A733004E307D /* Images.xcassets in Resources */,
			);
			runOnlyForDeploymentPostprocessing = 0;
		};
		45E7779919C2A733004E307D /* Resources */ = {
			isa = PBXResourcesBuildPhase;
			buildActionMask = 2147483647;
			files = (
			);
			runOnlyForDeploymentPostprocessing = 0;
		};
/* End PBXResourcesBuildPhase section */

/* Begin PBXSourcesBuildPhase section */
		45E7778219C2A732004E307D /* Sources */ = {
			isa = PBXSourcesBuildPhase;
			buildActionMask = 2147483647;
			files = (
				45E7778E19C2A732004E307D /* ViewController.swift in Sources */,
				45E7778C19C2A732004E307D /* AppDelegate.swift in Sources */,
			);
			runOnlyForDeploymentPostprocessing = 0;
		};
		45E7779719C2A733004E307D /* Sources */ = {
			isa = PBXSourcesBuildPhase;
			buildActionMask = 2147483647;
			files = (
				45E777A219C2A733004E307D /* PostcardTests.swift in Sources */,
			);
			runOnlyForDeploymentPostprocessing = 0;
		};
/* End PBXSourcesBuildPhase section */

/* Begin PBXTargetDependency section */
		45E7779D19C2A733004E307D /* PBXTargetDependency */ = {
			isa = PBXTargetDependency;
			target = 45E7778519C2A732004E307D /* Postcard */;
			targetProxy = 45E7779C19C2A733004E307D /* PBXContainerItemProxy */;
		};
/* End PBXTargetDependency section */

/* Begin PBXVariantGroup section */
		45E7778F19C2A733004E307D /* Main.storyboard */ = {
			isa = PBXVariantGroup;
			children = (
				45E7779019C2A733004E307D /* Base */,
			);
			name = Main.storyboard;
			sourceTree = "<group>";
		};
		45E7779419C2A733004E307D /* LaunchScreen.xib */ = {
			isa = PBXVariantGroup;
			children = (
				45E7779519C2A733004E307D /* Base */,
			);
			name = LaunchScreen.xib;
			sourceTree = "<group>";
		};
/* End PBXVariantGroup section */

/* Begin XCBuildConfiguration section */
		45E777A319C2A733004E307D /* Debug */ = {
			isa = XCBuildConfiguration;
			buildSettings = {
				ALWAYS_SEARCH_USER_PATHS = NO;
				CLANG_CXX_LANGUAGE_STANDARD = "gnu++0x";
				CLANG_CXX_LIBRARY = "libc++";
				CLANG_ENABLE_MODULES = YES;
				CLANG_ENABLE_OBJC_ARC = YES;
				CLANG_WARN_BOOL_CONVERSION = YES;
				CLANG_WARN_CONSTANT_CONVERSION = YES;
				CLANG_WARN_DIRECT_OBJC_ISA_USAGE = YES_ERROR;
				CLANG_WARN_EMPTY_BODY = YES;
				CLANG_WARN_ENUM_CONVERSION = YES;
				CLANG_WARN_INT_CONVERSION = YES;
				CLANG_WARN_OBJC_ROOT_CLASS = YES_ERROR;
				CLANG_WARN_UNREACHABLE_CODE = YES;
				CLANG_WARN__DUPLICATE_METHOD_MATCH = YES;
				"CODE_SIGN_IDENTITY[sdk=iphoneos*]" = "iPhone Developer";
				COPY_PHASE_STRIP = NO;
				ENABLE_STRICT_OBJC_MSGSEND = YES;
				GCC_C_LANGUAGE_STANDARD = gnu99;
				GCC_DYNAMIC_NO_PIC = NO;
				GCC_OPTIMIZATION_LEVEL = 0;
				GCC_PREPROCESSOR_DEFINITIONS = (
					"DEBUG=1",
					"$(inherited)",
				);
				GCC_SYMBOLS_PRIVATE_EXTERN = NO;
				GCC_WARN_64_TO_32_BIT_CONVERSION = YES;
				GCC_WARN_ABOUT_RETURN_TYPE = YES_ERROR;
				GCC_WARN_UNDECLARED_SELECTOR = YES;
				GCC_WARN_UNINITIALIZED_AUTOS = YES_AGGRESSIVE;
				GCC_WARN_UNUSED_FUNCTION = YES;
				GCC_WARN_UNUSED_VARIABLE = YES;
				IPHONEOS_DEPLOYMENT_TARGET = 8.0;
				MTL_ENABLE_DEBUG_INFO = YES;
				ONLY_ACTIVE_ARCH = YES;
				SDKROOT = iphoneos;
				SWIFT_OPTIMIZATION_LEVEL = "-Onone";
			};
			name = Debug;
		};
		45E777A419C2A733004E307D /* Release */ = {
			isa = XCBuildConfiguration;
			buildSettings = {
				ALWAYS_SEARCH_USER_PATHS = NO;
				CLANG_CXX_LANGUAGE_STANDARD = "gnu++0x";
				CLANG_CXX_LIBRARY = "libc++";
				CLANG_ENABLE_MODULES = YES;
				CLANG_ENABLE_OBJC_ARC = YES;
				CLANG_WARN_BOOL_CONVERSION = YES;
				CLANG_WARN_CONSTANT_CONVERSION = YES;
				CLANG_WARN_DIRECT_OBJC_ISA_USAGE = YES_ERROR;
				CLANG_WARN_EMPTY_BODY = YES;
				CLANG_WARN_ENUM_CONVERSION = YES;
				CLANG_WARN_INT_CONVERSION = YES;
				CLANG_WARN_OBJC_ROOT_CLASS = YES_ERROR;
				CLANG_WARN_UNREACHABLE_CODE = YES;
				CLANG_WARN__DUPLICATE_METHOD_MATCH = YES;
				"CODE_SIGN_IDENTITY[sdk=iphoneos*]" = "iPhone Developer";
				COPY_PHASE_STRIP = YES;
				ENABLE_NS_ASSERTIONS = NO;
				ENABLE_STRICT_OBJC_MSGSEND = YES;
				GCC_C_LANGUAGE_STANDARD = gnu99;
				GCC_WARN_64_TO_32_BIT_CONVERSION = YES;
				GCC_WARN_ABOUT_RETURN_TYPE = YES_ERROR;
				GCC_WARN_UNDECLARED_SELECTOR = YES;
				GCC_WARN_UNINITIALIZED_AUTOS = YES_AGGRESSIVE;
				GCC_WARN_UNUSED_FUNCTION = YES;
				GCC_WARN_UNUSED_VARIABLE = YES;
				IPHONEOS_DEPLOYMENT_TARGET = 8.0;
				MTL_ENABLE_DEBUG_INFO = NO;
				SDKROOT = iphoneos;
				VALIDATE_PRODUCT = YES;
			};
			name = Release;
		};
		45E777A619C2A733004E307D /* Debug */ = {
			isa = XCBuildConfiguration;
			buildSettings = {
				ASSETCATALOG_COMPILER_APPICON_NAME = AppIcon;
				INFOPLIST_FILE = Postcard/Info.plist;
				LD_RUNPATH_SEARCH_PATHS = "$(inherited) @executable_path/Frameworks";
				PRODUCT_NAME = "$(TARGET_NAME)";
			};
			name = Debug;
		};
		45E777A719C2A733004E307D /* Release */ = {
			isa = XCBuildConfiguration;
			buildSettings = {
				ASSETCATALOG_COMPILER_APPICON_NAME = AppIcon;
				INFOPLIST_FILE = Postcard/Info.plist;
				LD_RUNPATH_SEARCH_PATHS = "$(inherited) @executable_path/Frameworks";
				PRODUCT_NAME = "$(TARGET_NAME)";
			};
			name = Release;
		};
		45E777A919C2A733004E307D /* Debug */ = {
			isa = XCBuildConfiguration;
			buildSettings = {
				BUNDLE_LOADER = "$(TEST_HOST)";
				FRAMEWORK_SEARCH_PATHS = (
					"$(SDKROOT)/Developer/Library/Frameworks",
					"$(inherited)",
				);
				GCC_PREPROCESSOR_DEFINITIONS = (
					"DEBUG=1",
					"$(inherited)",
				);
				INFOPLIST_FILE = PostcardTests/Info.plist;
				LD_RUNPATH_SEARCH_PATHS = "$(inherited) @executable_path/Frameworks @loader_path/Frameworks";
				PRODUCT_NAME = "$(TARGET_NAME)";
				TEST_HOST = "$(BUILT_PRODUCTS_DIR)/Postcard.app/Postcard";
			};
			name = Debug;
		};
		45E777AA19C2A733004E307D /* Release */ = {
			isa = XCBuildConfiguration;
			buildSettings = {
				BUNDLE_LOADER = "$(TEST_HOST)";
				FRAMEWORK_SEARCH_PATHS = (
					"$(SDKROOT)/Developer/Library/Frameworks",
					"$(inherited)",
				);
				INFOPLIST_FILE = PostcardTests/Info.plist;
				LD_RUNPATH_SEARCH_PATHS = "$(inherited) @executable_path/Frameworks @loader_path/Frameworks";
				PRODUCT_NAME = "$(TARGET_NAME)";
				TEST_HOST = "$(BUILT_PRODUCTS_DIR)/Postcard.app/Postcard";
			};
			name = Release;
		};
/* End XCBuildConfiguration section */

/* Begin XCConfigurationList section */
		45E7778119C2A732004E307D /* Build configuration list for PBXProject "Postcard" */ = {
			isa = XCConfigurationList;
			buildConfigurations = (
				45E777A319C2A733004E307D /* Debug */,
				45E777A419C2A733004E307D /* Release */,
			);
			defaultConfigurationIsVisible = 0;
			defaultConfigurationName = Release;
		};
		45E777A519C2A733004E307D /* Build configuration list for PBXNativeTarget "Postcard" */ = {
			isa = XCConfigurationList;
			buildConfigurations = (
				45E777A619C2A733004E307D /* Debug */,
				45E777A719C2A733004E307D /* Release */,
			);
			defaultConfigurationIsVisible = 0;
			defaultConfigurationName = Release;
		};
		45E777A819C2A733004E307D /* Build configuration list for PBXNativeTarget "PostcardTests" */ = {
			isa = XCConfigurationList;
			buildConfigurations = (
				45E777A919C2A733004E307D /* Debug */,
				45E777AA19C2A733004E307D /* Release */,
			);
			defaultConfigurationIsVisible = 0;
			defaultConfigurationName = Release;
		};
/* End XCConfigurationList section */
	};
	rootObject = 45E7777E19C2A732004E307D /* Project object */;
}
